{
  "version": "v1",
  "packages": {
    "ft-confirmation-dialog": {
      "signature": "9ccdaa49a0e3ce7d5e933490bb795bf4",
      "file": true,
      "replaced": "filethis/ft-confirmation-dialog#^1.0.24"
    },
    "ft-connect-behavior": {
      "signature": "43956766177413a840027f726a0ccd87",
      "file": true,
      "replaced": "filethis/ft-connect-behavior#^1.0.21"
    },
    "ft-connection-panel": {
      "signature": "014a3ca6ec425a8d5516e0ad4677fd2b",
      "file": true,
      "replaced": "filethis/ft-connection-panel#^1.0.28"
    },
    "ft-document-panel": {
      "signature": "0c440db2655f71a8d521caf2ddf87ac8",
      "file": true,
      "replaced": "filethis/ft-document-panel#^1.0.31"
    },
    "ft-element-demo": {
      "signature": "0a85f56af66c83190f4a7b563c318c55",
      "file": true,
      "replaced": "filethis/ft-element-demo#^1.0.15"
    },
    "ft-source-panel": {
      "signature": "e0612269b63ebeb144a94037b3b5cb4d",
      "file": true,
      "replaced": "filethis/ft-source-panel#^1.0.30"
    },
    "ft-user-interaction-form": {
      "signature": "62c571c7645efc77178c678fc2580629",
      "file": true,
      "replaced": "filethis/ft-user-interaction-form#^1.0.33"
    },
    "ft-connection-list-item": {
      "signature": "a2b40af0a8f92676e4ad4dcfbeee318c",
      "file": true
    },
    "ft-labeled-icon-button": {
      "signature": "40102ff35b04fbf34029982d02053327",
      "file": true
    },
    "ft-source-grid-item": {
      "signature": "73831ba162c2ee6f82e5c649f1600a5a",
      "file": true
    },
    "ft-error-behavior": {
      "signature": "6ff4479cae98ebbe8f5684867a9f415e",
      "file": true
    },
    "ft-http-behavior": {
      "signature": "99372eeb8f83b2efedf63854c55cef4f",
      "file": true
    },
    "ft-connection-list": {
      "signature": "e0c7a02d5b0a085f14c1bf95ee3cf04e",
      "file": true
    },
    "ft-document-grid": {
      "signature": "6f6427fdc76d1fee4ccef6623b6ce4d3",
      "file": true
    },
    "ft-create-connection-dialog": {
      "signature": "6f8a7cefad248b0875f066a7b7d041f6",
      "file": true
    },
    "ft-source-grid": {
      "signature": "7ee575b6c6e0064c3030a7378654054c",
      "file": true
    },
    "ft-document-grid-item": {
      "signature": "50349acc0c5aa5446dbd977b8e6734d4",
      "file": true
    },
    "ft-document-list": {
      "signature": "7df2f8e15dbed9e3bd09995aef249b90",
      "file": true
    },
    "ft-document-list-item": {
      "signature": "8bf1c527ee8f47557123ff4d802ffc97",
      "file": true
    },
    "array-filter": {
      "signature": "11b8ce3c28a76cd62ec3dd604498a16a",
      "file": true
    }
  }
}